
Microsoft Visual Studio Solution File, Format Version 12.00
# Visual Studio Version 17
VisualStudioVersion = 17.4.33403.182
MinimumVisualStudioVersion = 10.0.40219.1
Project("{FAE04EC0-301F-11D3-BF4B-00C04F79EFBC}") = "Толстыко Практика", "Толстыко Практика\Толстыко Практика.csproj", "{DBEF4E48-1310-4945-8C43-6ACFD0BE391F}"
EndProject
Global
	GlobalSection(SolutionConfigurationPlatforms) = preSolution
		Debug|Any CPU = Debug|Any CPU
		Release|Any CPU = Release|Any CPU
	EndGlobalSection
	GlobalSection(ProjectConfigurationPlatforms) = postSolution
		{DBEF4E48-1310-4945-8C43-6ACFD0BE391F}.Debug|Any CPU.ActiveCfg = Debug|Any CPU
		{DBEF4E48-1310-4945-8C43-6ACFD0BE391F}.Debug|Any CPU.Build.0 = Debug|Any CPU
		{DBEF4E48-1310-4945-8C43-6ACFD0BE391F}.Release|Any CPU.ActiveCfg = Release|Any CPU
		{DBEF4E48-1310-4945-8C43-6ACFD0BE391F}.Release|Any CPU.Build.0 = Release|Any CPU
	EndGlobalSection
	GlobalSection(SolutionProperties) = preSolution
		HideSolutionNode = FALSE
	EndGlobalSection
	GlobalSection(ExtensibilityGlobals) = postSolution
		SolutionGuid = {C76FA1AE-93DE-42A0-AF24-1DA6560F3130}
	EndGlobalSection
EndGlobal
